{
  "name": "websnark",
  "version": "0.0.4",
  "lockfileVersion": 3,
  "requires": true,
  "packages": {
    "": {
      "name": "websnark",
      "version": "0.0.4",
      "license": "GPL-3.0",
      "dependencies": {
        "big-integer": "1.6.52"
      },
      "devDependencies": {
        "minimist": "1.2.8",
        "snarkjs": "git+https://github.com/MicahZoltu/snarkjs.git#2c964b3fe6019e057acab04cc17705d1f7fdaf9a",
        "wasmbuilder": "0.0.3"
      }
    },
    "node_modules/@noble/hashes": {
      "version": "1.6.1",
      "resolved": "https://registry.npmjs.org/@noble/hashes/-/hashes-1.6.1.tgz",
      "integrity": "sha512-pq5D8h10hHBjyqX+cfBm0i8JUXJ0UhczFc4r74zbuT9XgewFo2E3J1cOaGtdZynILNmQ685YWGzGE1Zv6io50w==",
      "dev": true,
      "engines": {
        "node": "^14.21.3 || >=16"
      },
      "funding": {
        "url": "https://paulmillr.com/funding/"
      }
    },
    "node_modules/big-integer": {
      "version": "1.6.52",
      "resolved": "https://registry.npmjs.org/big-integer/-/big-integer-1.6.52.tgz",
      "integrity": "sha512-QxD8cf2eVqJOOz63z6JIN9BzvVs/dlySa5HGSBH5xtR8dPteIRQnBxxKqkNTiT6jbDTF6jAfrd4oMcND9RGbQg==",
      "engines": {
        "node": ">=0.6"
      }
    },
    "node_modules/minimist": {
      "version": "1.2.8",
      "resolved": "https://registry.npmjs.org/minimist/-/minimist-1.2.8.tgz",
      "integrity": "sha512-2yyAR8qBkN3YuheJanUpWC5U3bb5osDywNB8RzDVlDwDHbocAJveqqj1u8+SVD7jkWT4yvsHCpWqqWqAxb0zCA==",
      "dev": true,
      "funding": {
        "url": "https://github.com/sponsors/ljharb"
      }
    },
    "node_modules/snarkjs": {
      "version": "0.1.20",
      "resolved": "git+ssh://git@github.com/MicahZoltu/snarkjs.git#2c964b3fe6019e057acab04cc17705d1f7fdaf9a",
      "integrity": "sha512-BeWw3MOvq0GdupVOY1fhp6XhS/ak0oJZEdB2HatZ1TVuxoxjnjmsGi0gwnVWal2NL5xly2rDUFh7SermNtC0gw==",
      "dev": true,
      "dependencies": {
        "@noble/hashes": "1.6.1",
        "big-integer": "1.6.43"
      },
      "bin": {
        "snarkjs": "cli.js"
      }
    },
    "node_modules/wasmbuilder": {
      "version": "0.0.3",
      "resolved": "https://registry.npmjs.org/wasmbuilder/-/wasmbuilder-0.0.3.tgz",
      "integrity": "sha512-6+lhe2ong4zTG+XkqMduzXzNT1Lxiz9UpwgU4FJ+Ttx8zGeH3nOXROiyVqTRQr/l+NYw7KN5T009uAKaSOmMAQ==",
      "dev": true,
      "dependencies": {
        "big-integer": "^1.6.43"
      }
    }
  }
}
